{"format_version":"1.0","provider_schemas":{"registry.terraform.io/launchdarkly/launchdarkly":{"provider":{"version":0,"block":{"attributes":{"access_token":{"type":"string","description":"The [personal access token](https://docs.launchdarkly.com/home/account-security/api-access-tokens#personal-tokens) or [service token](https://docs.launchdarkly.com/home/account-security/api-access-tokens#service-tokens) used to authenticate with LaunchDarkly. You can also set this with the `LAUNCHDARKLY_ACCESS_TOKEN` environment variable. You must provide either `access_token` or `oauth_token`.","description_kind":"plain","optional":true},"api_host":{"type":"string","description":"The LaunchDarkly host address. If this argument is not specified, the default host address is `https://app.launchdarkly.com`","description_kind":"plain","optional":true},"http_timeout":{"type":"number","description":"The HTTP timeout (in seconds) when making API calls to LaunchDarkly. Defaults to 20 seconds.","description_kind":"plain","optional":true},"oauth_token":{"type":"string","description":"An OAuth V2 token you use to authenticate with LaunchDarkly. You can also set this with the `LAUNCHDARKLY_OAUTH_TOKEN` environment variable. You must provide either `access_token` or `oauth_token`.","description_kind":"plain","optional":true}},"description_kind":"plain"}},"resource_schemas":{"launchdarkly_access_token":{"version":0,"block":{"attributes":{"custom_roles":{"type":["set","string"],"description":"A list of custom role IDs to use as access limits for the access token.","description_kind":"plain","optional":true},"default_api_version":{"type":"number","description":"The default API version for this token. Defaults to the latest API version. A change in this field will force the destruction of the existing resource and the creation of a new one.","description_kind":"plain","optional":true,"computed":true},"expire":{"type":"number","description":"An expiration time for the current token secret, expressed as a Unix epoch time. Replace the computed token secret with a new value. The expired secret will no longer be able to authorize usage of the LaunchDarkly API. This field argument is **deprecated**. Please update your config to remove `expire` to maintain compatibility with future versions","description_kind":"plain","deprecated":true,"optional":true},"id":{"type":"string","description_kind":"plain","optional":true,"computed":true},"name":{"type":"string","description":"A human-friendly name for the access token.","description_kind":"plain","optional":true},"role":{"type":"string","description":"A built-in LaunchDarkly role. Can be `reader`, `writer`, or `admin`","description_kind":"plain","optional":true},"service_token":{"type":"bool","description":"Whether the token will be a [service token](https://docs.launchdarkly.com/home/account-security/api-access-tokens#service-tokens). A change in this field will force the destruction of the existing resource and the creation of a new one.","description_kind":"plain","optional":true},"token":{"type":"string","description":"The access token used to authorize usage of the LaunchDarkly API.","description_kind":"plain","computed":true,"sensitive":true}},"block_types":{"inline_roles":{"nesting_mode":"list","block":{"attributes":{"actions":{"type":["list","string"],"description":"The list of action specifiers defining the actions to which the statement applies.\nEither `actions` or `not_actions` must be specified. For a list of available actions read [Actions reference](https://docs.launchdarkly.com/home/account-security/custom-roles/actions#actions-reference).","description_kind":"plain","optional":true},"effect":{"type":"string","description":"Either `allow` or `deny`. This argument defines whether the statement allows or denies access to the named resources and actions.","description_kind":"plain","required":true},"not_actions":{"type":["list","string"],"description":"The list of action specifiers defining the actions to which the statement does not apply.","description_kind":"plain","optional":true},"not_resources":{"type":["list","string"],"description":"The list of resource specifiers defining the resources to which the statement does not apply.","description_kind":"plain","optional":true},"resources":{"type":["list","string"],"description":"The list of resource specifiers defining the resources to which the statement applies.","description_kind":"plain","optional":true}},"description":"Define inline custom roles. An array of statements represented as config blocks with three attributes: effect, resources, actions. May be used in place of a built-in or custom role. [Using polices](https://docs.launchdarkly.com/home/members/role-policies). May be specified more than once.","description_kind":"plain"}},"policy_statements":{"nesting_mode":"list","block":{"attributes":{"actions":{"type":["list","string"],"description":"The list of action specifiers defining the actions to which the statement applies.\nEither `actions` or `not_actions` must be specified. For a list of available actions read [Actions reference](https://docs.launchdarkly.com/home/account-security/custom-roles/actions#actions-reference).","description_kind":"plain","optional":true},"effect":{"type":"string","description":"Either `allow` or `deny`. This argument defines whether the statement allows or denies access to the named resources and actions.","description_kind":"plain","required":true},"not_actions":{"type":["list","string"],"description":"The list of action specifiers defining the actions to which the statement does not apply.","description_kind":"plain","optional":true},"not_resources":{"type":["list","string"],"description":"The list of resource specifiers defining the resources to which the statement does not apply.","description_kind":"plain","optional":true},"resources":{"type":["list","string"],"description":"The list of resource specifiers defining the resources to which the statement applies.","description_kind":"plain","optional":true}},"description":"Define inline custom roles. An array of statements represented as config blocks with three attributes: effect, resources, actions. May be used in place of a built-in or custom role. May be specified more than once. This field argument is **deprecated**. Update your config to use `inline_role` to maintain compatibility with future versions.","description_kind":"plain","deprecated":true}}},"description":"Provides a LaunchDarkly access token resource.\n\nThis resource allows you to create and manage access tokens within your LaunchDarkly organization.\n\n-\u003e **Note:** This resource will store the full plaintext secret for your access token in Terraform state. Be sure your state is configured securely before using this resource. See https://www.terraform.io/docs/state/sensitive-data.html for more details.\n\nThe resource must contain either a \"role\", \"custom_role\" or an \"inline_roles\" (previously \"policy_statements\") block. As of v1.7.0, \"policy_statements\" has been deprecated in favor of \"inline_roles\".","description_kind":"plain"}},"launchdarkly_audit_log_subscription":{"version":0,"block":{"attributes":{"config":{"type":["map","string"],"description":"The set of configuration fields corresponding to the value defined for `integration_key`. Refer to the `formVariables` field in the corresponding `integrations/\u003cintegration_key\u003e/manifest.json` file in [this repo](https://github.com/launchdarkly/integration-framework/tree/master/integrations) for a full list of fields for the integration you wish to configure. **IMPORTANT**: Please note that Terraform will only accept these in snake case, regardless of the case shown in the manifest.","description_kind":"plain","required":true},"id":{"type":"string","description_kind":"plain","optional":true,"computed":true},"integration_key":{"type":"string","description":"The integration key. Supported integration keys are `chronosphere`, `cloudtrail`, `datadog`, `dynatrace`, `elastic`, `grafana`, `honeycomb`, `kosli`, `last9`, `logdna`, `msteams`, `new-relic-apm`, `pagerduty`, `signalfx`, `slack`, and `splunk`. A change in this field will force the destruction of the existing resource and the creation of a new one.","description_kind":"plain","required":true},"name":{"type":"string","description":"A human-friendly name for your audit log subscription viewable from within the LaunchDarkly Integrations page.","description_kind":"plain","required":true},"on":{"type":"bool","description":"Whether or not you want your subscription enabled, i.e. to actively send events.","description_kind":"plain","required":true},"tags":{"type":["set","string"],"description":"Tags associated with your resource.","description_kind":"plain","optional":true}},"block_types":{"statements":{"nesting_mode":"list","block":{"attributes":{"actions":{"type":["list","string"],"description":"The list of action specifiers defining the actions to which the statement applies.\nEither `actions` or `not_actions` must be specified. For a list of available actions read [Actions reference](https://docs.launchdarkly.com/home/account-security/custom-roles/actions#actions-reference).","description_kind":"plain","optional":true},"effect":{"type":"string","description":"Either `allow` or `deny`. This argument defines whether the statement allows or denies access to the named resources and actions.","description_kind":"plain","required":true},"not_actions":{"type":["list","string"],"description":"The list of action specifiers defining the actions to which the statement does not apply.","description_kind":"plain","optional":true},"not_resources":{"type":["list","string"],"description":"The list of resource specifiers defining the resources to which the statement does not apply.","description_kind":"plain","optional":true},"resources":{"type":["list","string"],"description":"The list of resource specifiers defining the resources to which the statement applies.","description_kind":"plain","optional":true}},"description":"A block representing the resources to which you wish to subscribe.","description_kind":"plain"},"min_items":1}},"description":"Provides a LaunchDarkly audit log subscription resource.\n\nThis resource allows you to create and manage LaunchDarkly audit log subscriptions.","description_kind":"plain"}},"launchdarkly_custom_role":{"version":0,"block":{"attributes":{"base_permissions":{"type":"string","description":"The base permission level - either `reader` or `no_access`. While newer API versions default to `no_access`, this field defaults to `reader` in keeping with previous API versions.","description_kind":"plain","optional":true},"description":{"type":"string","description":"Description of the custom role.","description_kind":"plain","optional":true},"id":{"type":"string","description_kind":"plain","optional":true,"computed":true},"key":{"type":"string","description":"A unique key that will be used to reference the custom role in your code. A change in this field will force the destruction of the existing resource and the creation of a new one.","description_kind":"plain","required":true},"name":{"type":"string","description":"A name for the custom role. This must be unique within your organization.","description_kind":"plain","required":true}},"block_types":{"policy":{"nesting_mode":"set","block":{"attributes":{"actions":{"type":["list","string"],"description_kind":"plain","required":true},"effect":{"type":"string","description_kind":"plain","required":true},"resources":{"type":["list","string"],"description_kind":"plain","required":true}},"description_kind":"plain","deprecated":true}},"policy_statements":{"nesting_mode":"list","block":{"attributes":{"actions":{"type":["list","string"],"description":"The list of action specifiers defining the actions to which the statement applies.\nEither `actions` or `not_actions` must be specified. For a list of available actions read [Actions reference](https://docs.launchdarkly.com/home/account-security/custom-roles/actions#actions-reference).","description_kind":"plain","optional":true},"effect":{"type":"string","description":"Either `allow` or `deny`. This argument defines whether the statement allows or denies access to the named resources and actions.","description_kind":"plain","required":true},"not_actions":{"type":["list","string"],"description":"The list of action specifiers defining the actions to which the statement does not apply.","description_kind":"plain","optional":true},"not_resources":{"type":["list","string"],"description":"The list of resource specifiers defining the resources to which the statement does not apply.","description_kind":"plain","optional":true},"resources":{"type":["list","string"],"description":"The list of resource specifiers defining the resources to which the statement applies.","description_kind":"plain","optional":true}},"description":"An array of the policy statements that define the permissions for the custom role. This field accepts [role attributes](https://docs.launchdarkly.com/home/getting-started/vocabulary#role-attribute). To use role attributes, use the syntax `${roleAttribute/\u003cYOUR_ROLE_ATTRIBUTE\u003e}` in lieu of your usual resource keys.","description_kind":"plain"}}},"description":"Provides a LaunchDarkly custom role resource.\n\n-\u003e **Note:** Custom roles are available to customers on an Enterprise LaunchDarkly plan. To learn more, [read about our pricing](https://launchdarkly.com/pricing/). To upgrade your plan, [contact LaunchDarkly Sales](https://launchdarkly.com/contact-sales/).\n\nThis resource allows you to create and manage custom roles within your LaunchDarkly organization.","description_kind":"plain"}},"launchdarkly_destination":{"version":0,"block":{"attributes":{"config":{"type":["map","string"],"description":"The destination-specific configuration. To learn more, read [Destination-Specific Configs](#destination-specific-configs)","description_kind":"plain","required":true},"env_key":{"type":"string","description":"The environment key. A change in this field will force the destruction of the existing resource and the creation of a new one.","description_kind":"plain","required":true},"id":{"type":"string","description_kind":"plain","optional":true,"computed":true},"kind":{"type":"string","description":"The data export destination type. Available choices are `kinesis`, `google-pubsub`, `mparticle`, `azure-event-hubs`, and `segment`. A change in this field will force the destruction of the existing resource and the creation of a new one.","description_kind":"plain","required":true},"name":{"type":"string","description":"A human-readable name for your data export destination.","description_kind":"plain","required":true},"on":{"type":"bool","description":"Whether the data export destination is on or not.","description_kind":"plain","optional":true},"project_key":{"type":"string","description":"The LaunchDarkly project key. A change in this field will force the destruction of the existing resource and the creation of a new one.","description_kind":"plain","required":true},"tags":{"type":["set","string"],"description":"Tags associated with your resource.","description_kind":"plain","optional":true}},"description":"Provides a LaunchDarkly Data Export Destination resource.\n\n-\u003e **Note:** Data Export is available to customers on an Enterprise LaunchDarkly plan. To learn more, [read about our pricing](https://launchdarkly.com/pricing/). To upgrade your plan, [contact LaunchDarkly Sales](https://launchdarkly.com/contact-sales/).\n\nData Export Destinations are locations that receive exported data. This resource allows you to configure destinations for the export of raw analytics data, including feature flag requests, analytics events, custom events, and more.\n\nTo learn more about data export, read [Data Export Documentation](https://docs.launchdarkly.com/integrations/data-export).","description_kind":"plain"}},"launchdarkly_environment":{"version":0,"block":{"attributes":{"api_key":{"type":"string","description":"The environment's SDK key.","description_kind":"plain","computed":true,"sensitive":true},"client_side_id":{"type":"string","description":"The environment's client-side ID.","description_kind":"plain","computed":true,"sensitive":true},"color":{"type":"string","description":"The color swatch as an RGB hex value with no leading `#`. For example: `000000`","description_kind":"plain","required":true},"confirm_changes":{"type":"bool","description":"Set to `true` if this environment requires confirmation for flag and segment changes. This field will default to `false` when not set.","description_kind":"plain","optional":true},"critical":{"type":"bool","description":"Denotes whether the environment is critical.","description_kind":"plain","optional":true},"default_track_events":{"type":"bool","description":"Set to `true` to enable data export for every flag created in this environment after you configure this argument. This field will default to `false` when not set. To learn more, read [Data Export](https://docs.launchdarkly.com/home/data-export).","description_kind":"plain","optional":true},"default_ttl":{"type":"number","description":"The TTL for the environment. This must be between 0 and 60 minutes. The TTL setting only applies to environments using the PHP SDK. This field will default to `0` when not set. To learn more, read [TTL settings](https://docs.launchdarkly.com/home/organize/environments#ttl-settings).","description_kind":"plain","optional":true},"id":{"type":"string","description_kind":"plain","optional":true,"computed":true},"key":{"type":"string","description":"The project-unique key for the environment. A change in this field will force the destruction of the existing resource and the creation of a new one.","description_kind":"plain","required":true},"mobile_key":{"type":"string","description":"The environment's mobile key.","description_kind":"plain","computed":true,"sensitive":true},"name":{"type":"string","description":"The name of the environment.","description_kind":"plain","required":true},"project_key":{"type":"string","description":"The LaunchDarkly project key. A change in this field will force the destruction of the existing resource and the creation of a new one.","description_kind":"plain","required":true},"require_comments":{"type":"bool","description":"Set to `true` if this environment requires comments for flag and segment changes. This field will default to `false` when not set.","description_kind":"plain","optional":true},"secure_mode":{"type":"bool","description":"Set to `true` to ensure a user of the client-side SDK cannot impersonate another user. This field will default to `false` when not set.","description_kind":"plain","optional":true},"tags":{"type":["set","string"],"description":"Tags associated with your resource.","description_kind":"plain","optional":true}},"block_types":{"approval_settings":{"nesting_mode":"list","block":{"attributes":{"auto_apply_approved_changes":{"type":"bool","description":"Automatically apply changes that have been approved by all reviewers. This field is only applicable for approval service kinds other than `launchdarkly`.","description_kind":"plain","optional":true},"can_apply_declined_changes":{"type":"bool","description":"Set to `true` if changes can be applied as long as the `min_num_approvals` is met, regardless of whether any reviewers have declined a request. Defaults to `true`.","description_kind":"plain","optional":true},"can_review_own_request":{"type":"bool","description":"Set to `true` if requesters can approve or decline their own request. They may always comment. Defaults to `false`.","description_kind":"plain","optional":true},"min_num_approvals":{"type":"number","description":"The number of approvals required before an approval request can be applied. This number must be between 1 and 5. Defaults to 1.","description_kind":"plain","optional":true},"required":{"type":"bool","description":"Set to `true` for changes to flags in this environment to require approval. You may only set `required` to true if `required_approval_tags` is not set and vice versa. Defaults to `false`.","description_kind":"plain","optional":true},"required_approval_tags":{"type":["list","string"],"description":"An array of tags used to specify which flags with those tags require approval. You may only set `required_approval_tags` if `required` is set to `false` and vice versa.","description_kind":"plain","optional":true},"service_config":{"type":["map","string"],"description":"The configuration for the service associated with this approval. This is specific to each approval service. For a `service_kind` of `servicenow`, the following fields apply:\n\n\t - `template` (String) The sys_id of the Standard Change Request Template in ServiceNow that LaunchDarkly will use when creating the change request.\n\t - `detail_column` (String) The name of the ServiceNow Change Request column LaunchDarkly uses to populate detailed approval request information. This is most commonly \"justification\".","description_kind":"plain","optional":true},"service_kind":{"type":"string","description":"The kind of service associated with this approval. This determines which platform is used for requesting approval. Valid values are `servicenow`, `launchdarkly`. If you use a value other than `launchdarkly`, you must have already configured the integration in the LaunchDarkly UI or your apply will fail.","description_kind":"plain","optional":true}},"description_kind":"plain"}}},"description":"Provides a LaunchDarkly environment resource.\n\nThis resource allows you to create and manage environments in your LaunchDarkly organization. This resource should _not_ be used if the encapsulated project is also managed via Terraform. In this case, you should _always_ use the nested environments config blocks on your `launchdarkly_project` resource to manage your environments.\n\n-\u003e **Note:** Mixing the use of nested `environments` blocks in the [`launchdarkly_project`] resource and `launchdarkly_environment` resources is not recommended.","description_kind":"plain"}},"launchdarkly_feature_flag":{"version":0,"block":{"attributes":{"archived":{"type":"bool","description":"Specifies whether the flag is archived or not. Note that you cannot create a new flag that is archived, but can update a flag to be archived.","description_kind":"plain","optional":true},"description":{"type":"string","description":"The feature flag's description.","description_kind":"plain","optional":true},"id":{"type":"string","description_kind":"plain","optional":true,"computed":true},"include_in_snippet":{"type":"bool","description":"Specifies whether this flag should be made available to the client-side JavaScript SDK using the client-side Id. This value gets its default from your project configuration if not set. `include_in_snippet` is now deprecated. Please migrate to `client_side_availability.using_environment_id` to maintain future compatibility.","description_kind":"plain","deprecated":true,"optional":true,"computed":true},"key":{"type":"string","description":"The unique feature flag key that references the flag in your application code. A change in this field will force the destruction of the existing resource and the creation of a new one.","description_kind":"plain","required":true},"maintainer_id":{"type":"string","description":"The feature flag maintainer's 24 character alphanumeric team member ID. `maintainer_team_key` cannot be set if `maintainer_id` is set. If neither is set, it will automatically be or stay set to the member ID associated with the API key used by your LaunchDarkly Terraform provider or the most recently-set maintainer.","description_kind":"plain","optional":true,"computed":true},"maintainer_team_key":{"type":"string","description":"The key of the associated team that maintains this feature flag. `maintainer_id` cannot be set if `maintainer_team_key` is set","description_kind":"plain","optional":true,"computed":true},"name":{"type":"string","description":"The human-readable name of the feature flag.","description_kind":"plain","required":true},"project_key":{"type":"string","description":"The feature flag's project key. A change in this field will force the destruction of the existing resource and the creation of a new one.","description_kind":"plain","required":true},"tags":{"type":["set","string"],"description":"Tags associated with your resource.","description_kind":"plain","optional":true},"temporary":{"type":"bool","description":"Specifies whether the flag is a temporary flag.","description_kind":"plain","optional":true},"variation_type":{"type":"string","description":"The feature flag's variation type: `boolean`, `string`, `number` or `json`. A change in this field will force the destruction of the existing resource and the creation of a new one.","description_kind":"plain","required":true}},"block_types":{"client_side_availability":{"nesting_mode":"list","block":{"attributes":{"using_environment_id":{"type":"bool","description":"Whether this flag is available to SDKs using the client-side ID.","description_kind":"plain","optional":true,"computed":true},"using_mobile_key":{"type":"bool","description":"Whether this flag is available to SDKs using a mobile key.","description_kind":"plain","optional":true}},"description_kind":"plain"}},"custom_properties":{"nesting_mode":"set","block":{"attributes":{"key":{"type":"string","description":"The unique custom property key.","description_kind":"plain","required":true},"name":{"type":"string","description":"The name of the custom property.","description_kind":"plain","required":true},"value":{"type":["list","string"],"description":"The list of custom property value strings.","description_kind":"plain","required":true}},"description":"List of nested blocks describing the feature flag's [custom properties](https://docs.launchdarkly.com/home/connecting/custom-properties)","description_kind":"plain"},"max_items":64},"defaults":{"nesting_mode":"list","block":{"attributes":{"off_variation":{"type":"number","description":"The index of the variation the flag will default to in all new environments when off.","description_kind":"plain","required":true},"on_variation":{"type":"number","description":"The index of the variation the flag will default to in all new environments when on.","description_kind":"plain","required":true}},"description":"A block containing the indices of the variations to be used as the default on and off variations in all new environments. Flag configurations in existing environments will not be changed nor updated if the configuration block is removed.","description_kind":"plain"},"max_items":1},"variations":{"nesting_mode":"list","block":{"attributes":{"description":{"type":"string","description":"The variation's description.","description_kind":"plain","optional":true},"name":{"type":"string","description":"The name of the variation.","description_kind":"plain","optional":true},"value":{"type":"string","description":"The variation value. The value's type must correspond to the `variation_type` argument. For example: `variation_type = \"boolean\"` accepts only `true` or `false`. The `number` variation type accepts both floats and ints, but please note that any trailing zeroes on floats will be trimmed (i.e. `1.1` and `1.100` will both be converted to `1.1`).\n\nIf you wish to define an empty string variation, you must still define the value field on the variations block like so:\n\n```terraform\nvariations {\n  value = \"\"\n}\n```\n\n-\u003e **Note:** Terraform manages `variations` as an ordered array and identifies them by index. This means that if you change the order of your `variations` block, you may end up destroying and recreating those variations. Additionally, if you delete variations that have targets that have been attached outside of Terraform, those targets may be incorrectly reassigned to a different variation.","description_kind":"plain","required":true}},"description":"An array of possible variations for the flag","description_kind":"plain"}}},"description":"Provides a LaunchDarkly feature flag resource.\n\nThis resource allows you to create and manage feature flags within your LaunchDarkly organization.\n\n-\u003e **Note:** This resource is for global-level feature flag configuration. Unexpected behavior may result if your environment-level configurations are not also managed from Terraform.","description_kind":"plain"}},"launchdarkly_feature_flag_environment":{"version":0,"block":{"attributes":{"env_key":{"type":"string","description":"The environment key. A change in this field will force the destruction of the existing resource and the creation of a new one.","description_kind":"plain","required":true},"flag_id":{"type":"string","description":"The feature flag's unique `id` in the format `project_key/flag_key`. A change in this field will force the destruction of the existing resource and the creation of a new one.","description_kind":"plain","required":true},"id":{"type":"string","description_kind":"plain","optional":true,"computed":true},"off_variation":{"type":"number","description":"The index of the variation to serve if targeting is disabled.","description_kind":"plain","required":true},"on":{"type":"bool","description":"Whether targeting is enabled. Defaults to `false` if not set.","description_kind":"plain","optional":true},"track_events":{"type":"bool","description":"Whether to send event data back to LaunchDarkly. Defaults to `false` if not set.","description_kind":"plain","optional":true}},"block_types":{"context_targets":{"nesting_mode":"set","block":{"attributes":{"context_kind":{"type":"string","description":"The context kind on which the flag should target in this environment. User (`user`) targets should be specified as `targets` attribute blocks.","description_kind":"plain","required":true},"values":{"type":["list","string"],"description":"List of `user` strings to target.","description_kind":"plain","required":true},"variation":{"type":"number","description":"The index of the variation to serve if a user target value is matched.","description_kind":"plain","required":true}},"description":"The set of nested blocks describing the individual targets for non-user context kinds for each variation.","description_kind":"plain"}},"fallthrough":{"nesting_mode":"list","block":{"attributes":{"bucket_by":{"type":"string","description":"Group percentage rollout by a custom attribute. This argument is only valid if rollout_weights is also specified.","description_kind":"plain","optional":true},"context_kind":{"type":"string","description":"The context kind associated with the specified rollout. This argument is only valid if rollout_weights is also specified. If omitted, defaults to `user`.","description_kind":"plain","optional":true},"rollout_weights":{"type":["list","number"],"description":"List of integer percentage rollout weights (in thousandths of a percent) to apply to each variation if the rule clauses evaluates to `true`. The sum of the `rollout_weights` must equal 100000 and the number of rollout weights specified in the array must match the number of flag variations. You must specify either `variation` or `rollout_weights`.","description_kind":"plain","optional":true},"variation":{"type":"number","description":"The default integer variation index to serve if no `prerequisites`, `target`, or `rules` apply. You must specify either `variation` or `rollout_weights`.","description_kind":"plain","optional":true}},"description":"Nested block describing the default variation to serve if no `prerequisites`, `target`, or `rules` apply.","description_kind":"plain"},"min_items":1,"max_items":1},"prerequisites":{"nesting_mode":"list","block":{"attributes":{"flag_key":{"type":"string","description":"The prerequisite feature flag's `key`.","description_kind":"plain","required":true},"variation":{"type":"number","description":"The index of the prerequisite feature flag's variation to target.","description_kind":"plain","required":true}},"description":"List of nested blocks describing prerequisite feature flags rules.","description_kind":"plain"}},"rules":{"nesting_mode":"list","block":{"attributes":{"bucket_by":{"type":"string","description":"Group percentage rollout by a custom attribute. This argument is only valid if `rollout_weights` is also specified.","description_kind":"plain","optional":true},"context_kind":{"type":"string","description":"The context kind associated with the specified rollout. This argument is only valid if `rollout_weights` is also specified. Defaults to `user` if omitted.","description_kind":"plain","optional":true},"description":{"type":"string","description":"A human-readable description of the targeting rule.","description_kind":"plain","optional":true},"rollout_weights":{"type":["list","number"],"description":"List of integer percentage rollout weights (in thousandths of a percent) to apply to each variation if the rule clauses evaluates to `true`. The sum of the `rollout_weights` must equal 100000 and the number of rollout weights specified in the array must match the number of flag variations. You must specify either `variation` or `rollout_weights`.","description_kind":"plain","optional":true},"variation":{"type":"number","description":"The integer variation index to serve if the rule clauses evaluate to `true`. You must specify either `variation` or `rollout_weights`","description_kind":"plain","optional":true}},"block_types":{"clauses":{"nesting_mode":"list","block":{"attributes":{"attribute":{"type":"string","description":"The user attribute to operate on","description_kind":"plain","required":true},"context_kind":{"type":"string","description":"The context kind associated with this rule clause. If omitted, defaults to `user`.","description_kind":"plain","optional":true},"negate":{"type":"bool","description":"Whether to negate the rule clause.","description_kind":"plain","optional":true},"op":{"type":"string","description":"The operator associated with the rule clause. Available options are `in`, `endsWith`, `startsWith`, `matches`, `contains`, `lessThan`, `lessThanOrEqual`, `greaterThanOrEqual`, `before`, `after`, `segmentMatch`, `semVerEqual`, `semVerLessThan`, and `semVerGreaterThan`. Read LaunchDarkly's [Operators](https://docs.launchdarkly.com/sdk/concepts/flag-evaluation-rules#operators) documentation for more information.","description_kind":"plain","required":true},"value_type":{"type":"string","description":"The type for each of the clause's values. Available types are `boolean`, `string`, and `number`. If omitted, `value_type` defaults to `string`.","description_kind":"plain","optional":true},"values":{"type":["list","string"],"description":"The list of values associated with the rule clause.","description_kind":"plain","required":true}},"description":"List of nested blocks specifying the logical clauses to evaluate","description_kind":"plain"}}},"description":"List of logical targeting rules.","description_kind":"plain"}},"targets":{"nesting_mode":"set","block":{"attributes":{"values":{"type":["list","string"],"description":"List of `user` strings to target.","description_kind":"plain","required":true},"variation":{"type":"number","description":"The index of the variation to serve if a user target value is matched.","description_kind":"plain","required":true}},"description":"Set of nested blocks describing the individual user targets for each variation.","description_kind":"plain"}}},"description":"Provides a LaunchDarkly environment-specific feature flag resource.\n\nThis resource allows you to create and manage environment-specific feature flags attributes within your LaunchDarkly organization.\n\n-\u003e **Note:** If you intend to attach a feature flag to any experiments, we do _not_ recommend configuring environment-specific flag settings using Terraform. Subsequent applies may overwrite the changes made by experiments and break your experiment. An alternate workaround is to use the [lifecycle.ignore_changes](https://developer.hashicorp.com/terraform/language/meta-arguments/lifecycle#ignore_changes) Terraform meta-argument on the `fallthrough` field to prevent potential overwrites.","description_kind":"plain"}},"launchdarkly_flag_trigger":{"version":0,"block":{"attributes":{"enabled":{"type":"bool","description":"Whether the trigger is currently active or not.","description_kind":"plain","required":true},"env_key":{"type":"string","description":"The unique key of the environment the flag trigger will work in. A change in this field will force the destruction of the existing resource and the creation of a new one.","description_kind":"plain","required":true},"flag_key":{"type":"string","description":"The unique key of the associated flag. A change in this field will force the destruction of the existing resource and the creation of a new one.","description_kind":"plain","required":true},"id":{"type":"string","description_kind":"plain","optional":true,"computed":true},"integration_key":{"type":"string","description":"The unique identifier of the integration you intend to set your trigger up with. Currently supported are `generic-trigger`, `datadog`, `dynatrace`, `dynatrace-cloud-automation`, `honeycomb`, `new-relic-apm`, and `signalfx`. `generic-trigger` should be used for integrations not explicitly supported. A change in this field will force the destruction of the existing resource and the creation of a new one.","description_kind":"plain","required":true},"maintainer_id":{"type":"string","description":"The ID of the member responsible for maintaining the flag trigger. If created via Terraform, this value will be the ID of the member associated with the API key used for your provider configuration.","description_kind":"plain","computed":true},"project_key":{"type":"string","description":"The unique key of the project encompassing the associated flag. A change in this field will force the destruction of the existing resource and the creation of a new one.","description_kind":"plain","required":true},"trigger_url":{"type":"string","description":"The unique URL used to invoke the trigger.","description_kind":"plain","computed":true,"sensitive":true}},"block_types":{"instructions":{"nesting_mode":"list","block":{"attributes":{"kind":{"type":"string","description":"The action to perform when triggering. Currently supported flag actions are `turnFlagOn` and `turnFlagOff`.","description_kind":"plain","required":true}},"description":"Instructions containing the action to perform when invoking the trigger. Currently supported flag actions are `turnFlagOn` and `turnFlagOff`. This must be passed as the key-value pair `{ kind = \"\u003cflag_action\u003e\" }`.","description_kind":"plain"},"min_items":1,"max_items":1}},"description":"Provides a LaunchDarkly flag trigger resource.\n\n-\u003e **Note:** Flag triggers are available to customers on an Enterprise LaunchDarkly plan. To learn more, [read about our pricing](https://launchdarkly.com/pricing/). To upgrade your plan, [contact LaunchDarkly Sales](https://launchdarkly.com/contact-sales/).\n\nThis resource allows you to create and manage flag triggers within your LaunchDarkly organization.\n\n-\u003e **Note:** This resource will store sensitive unique trigger URL value in plaintext in your Terraform state. Be sure your state is configured securely before using this resource. See https://www.terraform.io/docs/state/sensitive-data.html for more details.","description_kind":"plain"}},"launchdarkly_metric":{"version":0,"block":{"attributes":{"analysis_type":{"type":"string","description":"The method for analyzing metric events. Available choices are `mean` and `percentile`.","description_kind":"plain","optional":true},"description":{"type":"string","description":"The description of the metric's purpose.","description_kind":"plain","optional":true},"event_key":{"type":"string","description":"The event key for your metric (if custom metric)","description_kind":"plain","optional":true},"id":{"type":"string","description_kind":"plain","optional":true,"computed":true},"include_units_without_events":{"type":"bool","description":"Include units that did not send any events and set their value to 0.","description_kind":"plain","optional":true,"computed":true},"is_active":{"type":"bool","description":"Ignored. All metrics are considered active.","description_kind":"plain","deprecated":true,"optional":true,"computed":true},"is_numeric":{"type":"bool","description":"Whether a `custom` metric is a numeric metric or not.","description_kind":"plain","optional":true},"key":{"type":"string","description":"The unique key that references the metric. A change in this field will force the destruction of the existing resource and the creation of a new one. A change in this field will force the destruction of the existing resource and the creation of a new one.","description_kind":"plain","required":true},"kind":{"type":"string","description":"The metric type. Available choices are `click`, `custom`, and `pageview`. A change in this field will force the destruction of the existing resource and the creation of a new one.","description_kind":"plain","required":true},"maintainer_id":{"type":"string","description":"The LaunchDarkly member ID of the member who will maintain the metric. If not set, the API will automatically apply the member associated with your Terraform API key or the most recently-set maintainer","description_kind":"plain","optional":true,"computed":true},"name":{"type":"string","description":"The human-friendly name for the metric.","description_kind":"plain","required":true},"percentile_value":{"type":"number","description":"The percentile for the analysis method. An integer denoting the target percentile between 0 and 100. Required when analysis_type is percentile.","description_kind":"plain","optional":true},"project_key":{"type":"string","description":"The metrics's project key. A change in this field will force the destruction of the existing resource and the creation of a new one. A change in this field will force the destruction of the existing resource and the creation of a new one.","description_kind":"plain","required":true},"randomization_units":{"type":["set","string"],"description":"A set of one or more context kinds that this metric can measure events from. Metrics can only use context kinds marked as \"Available for experiments.\" For more information, read [Allocating experiment audiences](https://docs.launchdarkly.com/home/creating-experiments/allocation).","description_kind":"plain","optional":true,"computed":true},"selector":{"type":"string","description":"The CSS selector for your metric (if click metric)","description_kind":"plain","optional":true},"success_criteria":{"type":"string","description":"The success criteria for your metric (if numeric metric). Available choices are `HigherThanBaseline` and `LowerThanBaseline`.","description_kind":"plain","optional":true,"computed":true},"tags":{"type":["set","string"],"description":"Tags associated with your resource.","description_kind":"plain","optional":true},"unit":{"type":"string","description":"(Required for kind `custom`) The unit for numeric `custom` metrics.","description_kind":"plain","optional":true},"unit_aggregation_type":{"type":"string","description":"The method by which multiple unit event values are aggregated. Available choices are `average` and `sum`.","description_kind":"plain","optional":true},"version":{"type":"number","description":"Version of the metric","description_kind":"plain","computed":true}},"block_types":{"urls":{"nesting_mode":"list","block":{"attributes":{"kind":{"type":"string","description":"The URL type. Available choices are `exact`, `canonical`, `substring` and `regex`.","description_kind":"plain","required":true},"pattern":{"type":"string","description":"(Required for kind `regex`) The regex pattern to match by.","description_kind":"plain","optional":true},"substring":{"type":"string","description":"(Required for kind `substring`) The URL substring to match by.","description_kind":"plain","optional":true},"url":{"type":"string","description":"(Required for kind `exact` and `canonical`) The exact or canonical URL.","description_kind":"plain","optional":true}},"description":"List of nested `url` blocks describing URLs that you want to associate with the metric.","description_kind":"plain"}}},"description":"Provides a LaunchDarkly metric resource.\n\nThis resource allows you to create and manage metrics within your LaunchDarkly organization.\n\nTo learn more about metrics and experimentation, read [Experimentation Documentation](https://docs.launchdarkly.com/home/experimentation).","description_kind":"plain"}},"launchdarkly_project":{"version":0,"block":{"attributes":{"id":{"type":"string","description_kind":"plain","optional":true,"computed":true},"include_in_snippet":{"type":"bool","description":"Whether feature flags created under the project should be available to client-side SDKs by default. Please migrate to `default_client_side_availability` to maintain future compatibility.","description_kind":"plain","deprecated":true,"optional":true,"computed":true},"key":{"type":"string","description":"The project's unique key. A change in this field will force the destruction of the existing resource and the creation of a new one.","description_kind":"plain","required":true},"name":{"type":"string","description":"The project's name.","description_kind":"plain","required":true},"tags":{"type":["set","string"],"description":"Tags associated with your resource.","description_kind":"plain","optional":true}},"block_types":{"default_client_side_availability":{"nesting_mode":"list","block":{"attributes":{"using_environment_id":{"type":"bool","description_kind":"plain","required":true},"using_mobile_key":{"type":"bool","description_kind":"plain","required":true}},"description":"A block describing which client-side SDKs can use new flags by default.","description_kind":"plain"}},"environments":{"nesting_mode":"list","block":{"attributes":{"api_key":{"type":"string","description":"The environment's SDK key.","description_kind":"plain","computed":true,"sensitive":true},"client_side_id":{"type":"string","description":"The environment's client-side ID.","description_kind":"plain","computed":true,"sensitive":true},"color":{"type":"string","description":"The color swatch as an RGB hex value with no leading `#`. For example: `000000`","description_kind":"plain","required":true},"confirm_changes":{"type":"bool","description":"Set to `true` if this environment requires confirmation for flag and segment changes. This field will default to `false` when not set.","description_kind":"plain","optional":true},"critical":{"type":"bool","description":"Denotes whether the environment is critical.","description_kind":"plain","optional":true},"default_track_events":{"type":"bool","description":"Set to `true` to enable data export for every flag created in this environment after you configure this argument. This field will default to `false` when not set. To learn more, read [Data Export](https://docs.launchdarkly.com/home/data-export).","description_kind":"plain","optional":true},"default_ttl":{"type":"number","description":"The TTL for the environment. This must be between 0 and 60 minutes. The TTL setting only applies to environments using the PHP SDK. This field will default to `0` when not set. To learn more, read [TTL settings](https://docs.launchdarkly.com/home/organize/environments#ttl-settings).","description_kind":"plain","optional":true},"key":{"type":"string","description":"The project-unique key for the environment. A change in this field will force the destruction of the existing resource and the creation of a new one.","description_kind":"plain","required":true},"mobile_key":{"type":"string","description":"The environment's mobile key.","description_kind":"plain","computed":true,"sensitive":true},"name":{"type":"string","description":"The name of the environment.","description_kind":"plain","required":true},"require_comments":{"type":"bool","description":"Set to `true` if this environment requires comments for flag and segment changes. This field will default to `false` when not set.","description_kind":"plain","optional":true},"secure_mode":{"type":"bool","description":"Set to `true` to ensure a user of the client-side SDK cannot impersonate another user. This field will default to `false` when not set.","description_kind":"plain","optional":true},"tags":{"type":["set","string"],"description":"Tags associated with your resource.","description_kind":"plain","optional":true}},"block_types":{"approval_settings":{"nesting_mode":"list","block":{"attributes":{"auto_apply_approved_changes":{"type":"bool","description":"Automatically apply changes that have been approved by all reviewers. This field is only applicable for approval service kinds other than `launchdarkly`.","description_kind":"plain","optional":true},"can_apply_declined_changes":{"type":"bool","description":"Set to `true` if changes can be applied as long as the `min_num_approvals` is met, regardless of whether any reviewers have declined a request. Defaults to `true`.","description_kind":"plain","optional":true},"can_review_own_request":{"type":"bool","description":"Set to `true` if requesters can approve or decline their own request. They may always comment. Defaults to `false`.","description_kind":"plain","optional":true},"min_num_approvals":{"type":"number","description":"The number of approvals required before an approval request can be applied. This number must be between 1 and 5. Defaults to 1.","description_kind":"plain","optional":true},"required":{"type":"bool","description":"Set to `true` for changes to flags in this environment to require approval. You may only set `required` to true if `required_approval_tags` is not set and vice versa. Defaults to `false`.","description_kind":"plain","optional":true},"required_approval_tags":{"type":["list","string"],"description":"An array of tags used to specify which flags with those tags require approval. You may only set `required_approval_tags` if `required` is set to `false` and vice versa.","description_kind":"plain","optional":true},"service_config":{"type":["map","string"],"description":"The configuration for the service associated with this approval. This is specific to each approval service. For a `service_kind` of `servicenow`, the following fields apply:\n\n\t - `template` (String) The sys_id of the Standard Change Request Template in ServiceNow that LaunchDarkly will use when creating the change request.\n\t - `detail_column` (String) The name of the ServiceNow Change Request column LaunchDarkly uses to populate detailed approval request information. This is most commonly \"justification\".","description_kind":"plain","optional":true},"service_kind":{"type":"string","description":"The kind of service associated with this approval. This determines which platform is used for requesting approval. Valid values are `servicenow`, `launchdarkly`. If you use a value other than `launchdarkly`, you must have already configured the integration in the LaunchDarkly UI or your apply will fail.","description_kind":"plain","optional":true}},"description_kind":"plain"}}},"description":"List of nested `environments` blocks describing LaunchDarkly environments that belong to the project. When managing LaunchDarkly projects in Terraform, you should always manage your environments as nested project resources.\n\n-\u003e **Note:** Mixing the use of nested `environments` blocks and [`launchdarkly_environment`](/docs/providers/launchdarkly/r/environment.html) resources is not recommended. `launchdarkly_environment` resources should only be used when the encapsulating project is not managed in Terraform.","description_kind":"plain"},"min_items":1}},"description":"Provides a LaunchDarkly project resource.\n\nThis resource allows you to create and manage projects within your LaunchDarkly organization.","description_kind":"plain"}},"launchdarkly_relay_proxy_configuration":{"version":0,"block":{"attributes":{"display_key":{"type":"string","description":"The last 4 characters of the Relay Proxy configuration's unique key.","description_kind":"plain","computed":true},"full_key":{"type":"string","description":"The Relay Proxy configuration's unique key. Because the `full_key` is only exposed upon creation, it will not be available if the resource is imported.","description_kind":"plain","computed":true,"sensitive":true},"id":{"type":"string","description_kind":"plain","optional":true,"computed":true},"name":{"type":"string","description":"The human-readable name for your Relay Proxy configuration.","description_kind":"plain","required":true}},"block_types":{"policy":{"nesting_mode":"list","block":{"attributes":{"actions":{"type":["list","string"],"description":"The list of action specifiers defining the actions to which the statement applies.\nEither `actions` or `not_actions` must be specified. For a list of available actions read [Actions reference](https://docs.launchdarkly.com/home/account-security/custom-roles/actions#actions-reference).","description_kind":"plain","optional":true},"effect":{"type":"string","description":"Either `allow` or `deny`. This argument defines whether the statement allows or denies access to the named resources and actions.","description_kind":"plain","required":true},"not_actions":{"type":["list","string"],"description":"The list of action specifiers defining the actions to which the statement does not apply.","description_kind":"plain","optional":true},"not_resources":{"type":["list","string"],"description":"The list of resource specifiers defining the resources to which the statement does not apply.","description_kind":"plain","optional":true},"resources":{"type":["list","string"],"description":"The list of resource specifiers defining the resources to which the statement applies.","description_kind":"plain","optional":true}},"description":"The Relay Proxy configuration's rule policy block. This determines what content the Relay Proxy receives. To learn more, read [Understanding policies](https://docs.launchdarkly.com/home/members/role-policies#understanding-policies).","description_kind":"plain"},"min_items":1}},"description":"Provides a LaunchDarkly Relay Proxy configuration resource for use with the Relay Proxy's [automatic configuration feature](https://docs.launchdarkly.com/home/relay-proxy/automatic-configuration).\n\n-\u003e **Note:** Relay Proxy automatic configuration is available to customers on an Enterprise LaunchDarkly plan. To learn more, [read about our pricing](https://launchdarkly.com/pricing/). To upgrade your plan, [contact LaunchDarkly Sales](https://launchdarkly.com/contact-sales/).\n\nThis resource allows you to create and manage Relay Proxy configurations within your LaunchDarkly organization.\n\n-\u003e **Note:** This resource will store the full plaintext secret for your Relay Proxy configuration's unique key in Terraform state. Be sure your state is configured securely before using this resource. See https://www.terraform.io/docs/state/sensitive-data.html for more details.","description_kind":"plain"}},"launchdarkly_segment":{"version":0,"block":{"attributes":{"creation_date":{"type":"number","description":"The segment's creation date represented as a UNIX epoch timestamp.","description_kind":"plain","computed":true},"description":{"type":"string","description":"The description of the segment's purpose.","description_kind":"plain","optional":true},"env_key":{"type":"string","description":"The segment's environment key. A change in this field will force the destruction of the existing resource and the creation of a new one.","description_kind":"plain","required":true},"excluded":{"type":["list","string"],"description":"List of user keys excluded from the segment. To target on other context kinds, use the excluded_contexts block attribute. This attribute is not valid when `unbounded` is set to `true`.","description_kind":"plain","optional":true},"id":{"type":"string","description_kind":"plain","optional":true,"computed":true},"included":{"type":["list","string"],"description":"List of user keys included in the segment. To target on other context kinds, use the included_contexts block attribute. This attribute is not valid when `unbounded` is set to `true`.","description_kind":"plain","optional":true},"key":{"type":"string","description":"The unique key that references the segment. A change in this field will force the destruction of the existing resource and the creation of a new one.","description_kind":"plain","required":true},"name":{"type":"string","description":"The human-friendly name for the segment.","description_kind":"plain","required":true},"project_key":{"type":"string","description":"The segment's project key. A change in this field will force the destruction of the existing resource and the creation of a new one.","description_kind":"plain","required":true},"tags":{"type":["set","string"],"description":"Tags associated with your resource.","description_kind":"plain","optional":true},"unbounded":{"type":"bool","description":"Whether to create a standard segment (`false`) or a Big Segment (`true`). Standard segments include rule-based and smaller list-based segments. Big Segments include larger list-based segments and synced segments. Only use a Big Segment if you need to add more than 15,000 individual targets. It is not possible to manage the list of targeted contexts for Big Segments with Terraform. A change in this field will force the destruction of the existing resource and the creation of a new one.","description_kind":"plain","optional":true},"unbounded_context_kind":{"type":"string","description":"For Big Segments, the targeted context kind. If this attribute is not specified it will default to `user`. A change in this field will force the destruction of the existing resource and the creation of a new one.","description_kind":"plain","optional":true,"computed":true}},"block_types":{"excluded_contexts":{"nesting_mode":"list","block":{"attributes":{"context_kind":{"type":"string","description":"The context kind associated with this segment target. To target on user contexts, use the included and excluded attributes.","description_kind":"plain","required":true},"values":{"type":["list","string"],"description":"List of target object keys included in or excluded from the segment.","description_kind":"plain","required":true}},"description":"List of non-user target objects excluded from the segment. This attribute is not valid when `unbounded` is set to `true`.","description_kind":"plain"}},"included_contexts":{"nesting_mode":"list","block":{"attributes":{"context_kind":{"type":"string","description":"The context kind associated with this segment target. To target on user contexts, use the included and excluded attributes.","description_kind":"plain","required":true},"values":{"type":["list","string"],"description":"List of target object keys included in or excluded from the segment.","description_kind":"plain","required":true}},"description":"List of non-user target objects included in the segment. This attribute is not valid when `unbounded` is set to `true`.","description_kind":"plain"}},"rules":{"nesting_mode":"list","block":{"attributes":{"bucket_by":{"type":"string","description":"The attribute by which to group contexts together.","description_kind":"plain","optional":true},"rollout_context_kind":{"type":"string","description":"The context kind associated with this segment rule. This argument is only valid if `weight` is also specified. If omitted, defaults to `user`.","description_kind":"plain","optional":true},"weight":{"type":"number","description":"The integer weight of the rule (between 1 and 100000).","description_kind":"plain","optional":true}},"block_types":{"clauses":{"nesting_mode":"list","block":{"attributes":{"attribute":{"type":"string","description":"The user attribute to operate on","description_kind":"plain","required":true},"context_kind":{"type":"string","description":"The context kind associated with this rule clause. If omitted, defaults to `user`.","description_kind":"plain","optional":true},"negate":{"type":"bool","description":"Whether to negate the rule clause.","description_kind":"plain","optional":true},"op":{"type":"string","description":"The operator associated with the rule clause. Available options are `in`, `endsWith`, `startsWith`, `matches`, `contains`, `lessThan`, `lessThanOrEqual`, `greaterThanOrEqual`, `before`, `after`, `segmentMatch`, `semVerEqual`, `semVerLessThan`, and `semVerGreaterThan`. Read LaunchDarkly's [Operators](https://docs.launchdarkly.com/sdk/concepts/flag-evaluation-rules#operators) documentation for more information.","description_kind":"plain","required":true},"value_type":{"type":"string","description":"The type for each of the clause's values. Available types are `boolean`, `string`, and `number`. If omitted, `value_type` defaults to `string`.","description_kind":"plain","optional":true},"values":{"type":["list","string"],"description":"The list of values associated with the rule clause.","description_kind":"plain","required":true}},"description":"List of nested blocks specifying the logical clauses to evaluate","description_kind":"plain"}}},"description":"List of nested custom rule blocks to apply to the segment. This attribute is not valid when `unbounded` is set to `true`.","description_kind":"plain"}}},"description":"Provides a LaunchDarkly segment resource.\n\nThis resource allows you to create and manage segments within your LaunchDarkly organization.","description_kind":"plain"}},"launchdarkly_team":{"version":0,"block":{"attributes":{"custom_role_keys":{"type":["set","string"],"description":"List of custom role keys the team will access. The referenced custom roles must already exist in LaunchDarkly. If they don't, the provider may behave unexpectedly.","description_kind":"plain","optional":true},"description":{"type":"string","description":"The team description.","description_kind":"plain","optional":true},"id":{"type":"string","description_kind":"plain","optional":true,"computed":true},"key":{"type":"string","description":"The team key. A change in this field will force the destruction of the existing resource and the creation of a new one.","description_kind":"plain","required":true},"maintainers":{"type":["set","string"],"description":"List of member IDs for users who maintain the team.","description_kind":"plain","optional":true},"member_ids":{"type":["set","string"],"description":"List of member IDs who belong to the team.","description_kind":"plain","optional":true},"name":{"type":"string","description":"A human-friendly name for the team.","description_kind":"plain","required":true}},"block_types":{"role_attributes":{"nesting_mode":"set","block":{"attributes":{"key":{"type":"string","description":"The key / name of your role attribute. In the example `${roleAttribute/testAttribute}`, the key is `testAttribute`.","description_kind":"plain","required":true},"values":{"type":["list","string"],"description":"A list of values for your role attribute. For example, if your policy statement defines the resource `\"proj/${roleAttribute/testAttribute}\"`, the values would be the keys of the projects you wanted to assign access to.","description_kind":"plain","required":true}},"description":"A role attributes block. One block must be defined per role attribute. The key is the role attribute key and the value is a string array of resource keys that apply.","description_kind":"plain"}}},"description":"Provides a LaunchDarkly team resource.\n\nThis resource allows you to create and manage a team within your LaunchDarkly organization.\n\n-\u003e **Note:** Teams are available to customers on an Enterprise LaunchDarkly plan. To learn more, [read about our pricing](https://launchdarkly.com/pricing/). To upgrade your plan, [contact LaunchDarkly Sales](https://launchdarkly.com/contact-sales/).","description_kind":"plain"}},"launchdarkly_team_member":{"version":0,"block":{"attributes":{"custom_roles":{"type":["set","string"],"description":"The list of custom roles keys associated with the team member. Custom roles are only available to customers on an Enterprise plan. To learn more, [read about our pricing](https://launchdarkly.com/pricing/). To upgrade your plan, [contact LaunchDarkly Sales](https://launchdarkly.com/contact-sales/).\n\n-\u003e **Note:** each `launchdarkly_team_member` must have either a `role` or `custom_roles` argument.","description_kind":"plain","optional":true},"email":{"type":"string","description":"The unique email address associated with the team member. A change in this field will force the destruction of the existing resource and the creation of a new one.","description_kind":"plain","required":true},"first_name":{"type":"string","description":"The team member's given name. Once created, this cannot be updated except by the team member.","description_kind":"plain","optional":true},"id":{"type":"string","description":"The 24 character alphanumeric ID of the team member.","description_kind":"plain","computed":true},"last_name":{"type":"string","description":"TThe team member's family name. Once created, this cannot be updated except by the team member.","description_kind":"plain","optional":true},"role":{"type":"string","description":"The role associated with team member. Supported roles are `reader`, `writer`, `no_access`, or `admin`. If you don't specify a role, `reader` is assigned by default.","description_kind":"plain","optional":true,"computed":true}},"block_types":{"role_attributes":{"nesting_mode":"set","block":{"attributes":{"key":{"type":"string","description":"The key / name of your role attribute. In the example `${roleAttribute/testAttribute}`, the key is `testAttribute`.","description_kind":"plain","required":true},"values":{"type":["list","string"],"description":"A list of values for your role attribute. For example, if your policy statement defines the resource `\"proj/${roleAttribute/testAttribute}\"`, the values would be the keys of the projects you wanted to assign access to.","description_kind":"plain","required":true}},"description":"A role attributes block. One block must be defined per role attribute. The key is the role attribute key and the value is a string array of resource keys that apply.","description_kind":"plain"}}},"description":"Provides a LaunchDarkly team member resource.\n\nThis resource allows you to create and manage team members within your LaunchDarkly organization.\n\n-\u003e **Note:** You can only manage team members with \"admin\" level personal access tokens. To learn more, read [Managing Teams](https://docs.launchdarkly.com/home/teams/managing).","description_kind":"plain"}},"launchdarkly_team_role_mapping":{"version":0,"block":{"attributes":{"custom_role_keys":{"type":["set","string"],"description":"A set of custom role keys to assign to the team.","description_kind":"plain","required":true},"id":{"type":"string","description":"The ID for this resource.","description_kind":"plain","computed":true},"team_key":{"type":"string","description":"The LaunchDarkly team key.","description_kind":"plain","required":true}},"description":"Manages the mapping of LaunchDarkly custom roles to teams.","description_kind":"plain"}},"launchdarkly_webhook":{"version":0,"block":{"attributes":{"id":{"type":"string","description_kind":"plain","optional":true,"computed":true},"name":{"type":"string","description":"The webhook's human-readable name.","description_kind":"plain","optional":true},"on":{"type":"bool","description":"Specifies whether the webhook is enabled.","description_kind":"plain","optional":true},"secret":{"type":"string","description":"The secret used to sign the webhook.","description_kind":"plain","optional":true,"sensitive":true},"tags":{"type":["set","string"],"description":"Tags associated with your resource.","description_kind":"plain","optional":true},"url":{"type":"string","description":"The URL of the remote webhook.","description_kind":"plain","required":true}},"block_types":{"statements":{"nesting_mode":"list","block":{"attributes":{"actions":{"type":["list","string"],"description":"The list of action specifiers defining the actions to which the statement applies.\nEither `actions` or `not_actions` must be specified. For a list of available actions read [Actions reference](https://docs.launchdarkly.com/home/account-security/custom-roles/actions#actions-reference).","description_kind":"plain","optional":true},"effect":{"type":"string","description":"Either `allow` or `deny`. This argument defines whether the statement allows or denies access to the named resources and actions.","description_kind":"plain","required":true},"not_actions":{"type":["list","string"],"description":"The list of action specifiers defining the actions to which the statement does not apply.","description_kind":"plain","optional":true},"not_resources":{"type":["list","string"],"description":"The list of resource specifiers defining the resources to which the statement does not apply.","description_kind":"plain","optional":true},"resources":{"type":["list","string"],"description":"The list of resource specifiers defining the resources to which the statement applies.","description_kind":"plain","optional":true}},"description":"List of policy statement blocks used to filter webhook events. For more information on webhook policy filters read [Adding a policy filter](https://docs.launchdarkly.com/integrations/webhooks#adding-a-policy-filter).","description_kind":"plain"}}},"description":"Provides a LaunchDarkly webhook resource.\n\nThis resource allows you to create and manage webhooks within your LaunchDarkly organization.","description_kind":"plain"}}},"data_source_schemas":{"launchdarkly_audit_log_subscription":{"version":0,"block":{"attributes":{"config":{"type":["map","string"],"description":"The set of configuration fields corresponding to the value defined for `integration_key`. Refer to the `formVariables` field in the corresponding `integrations/\u003cintegration_key\u003e/manifest.json` file in [this repo](https://github.com/launchdarkly/integration-framework/tree/master/integrations) for a full list of fields for the integration you wish to configure. **IMPORTANT**: Please note that Terraform will only accept these in snake case, regardless of the case shown in the manifest.","description_kind":"plain","computed":true},"id":{"type":"string","description":"The audit log subscription ID.","description_kind":"plain","required":true},"integration_key":{"type":"string","description":"The integration key. Supported integration keys are `chronosphere`, `cloudtrail`, `datadog`, `dynatrace`, `elastic`, `grafana`, `honeycomb`, `kosli`, `last9`, `logdna`, `msteams`, `new-relic-apm`, `pagerduty`, `signalfx`, `slack`, and `splunk`.","description_kind":"plain","required":true},"name":{"type":"string","description":"A human-friendly name for your audit log subscription viewable from within the LaunchDarkly Integrations page.","description_kind":"plain","computed":true},"on":{"type":"bool","description":"Whether or not you want your subscription enabled, i.e. to actively send events.","description_kind":"plain","computed":true},"statements":{"type":["list",["object",{"actions":["list","string"],"effect":"string","not_actions":["list","string"],"not_resources":["list","string"],"resources":["list","string"]}]],"description":"A block representing the resources to which you wish to subscribe.","description_kind":"plain","computed":true},"tags":{"type":["set","string"],"description":"Tags associated with your resource.","description_kind":"plain","computed":true}},"description":"Provides a LaunchDarkly audit log subscription data source.\n\nThis data source allows you to retrieve information about LaunchDarkly audit log subscriptions.","description_kind":"plain"}},"launchdarkly_environment":{"version":0,"block":{"attributes":{"api_key":{"type":"string","description":"The environment's SDK key.","description_kind":"plain","computed":true,"sensitive":true},"approval_settings":{"type":["list",["object",{"auto_apply_approved_changes":"bool","can_apply_declined_changes":"bool","can_review_own_request":"bool","min_num_approvals":"number","required":"bool","required_approval_tags":["list","string"],"service_config":["map","string"],"service_kind":"string"}]],"description_kind":"plain","computed":true},"client_side_id":{"type":"string","description":"The environment's client-side ID.","description_kind":"plain","computed":true,"sensitive":true},"color":{"type":"string","description_kind":"plain","computed":true},"confirm_changes":{"type":"bool","description":"Set to `true` if this environment requires confirmation for flag and segment changes. This field will default to `false` when not set.","description_kind":"plain","computed":true},"critical":{"type":"bool","description":"Denotes whether the environment is critical.","description_kind":"plain","optional":true},"default_track_events":{"type":"bool","description":"Set to `true` to enable data export for every flag created in this environment after you configure this argument. This field will default to `false` when not set. To learn more, read [Data Export](https://docs.launchdarkly.com/home/data-export).","description_kind":"plain","computed":true},"default_ttl":{"type":"number","description":"The TTL for the environment. This must be between 0 and 60 minutes. The TTL setting only applies to environments using the PHP SDK. This field will default to `0` when not set. To learn more, read [TTL settings](https://docs.launchdarkly.com/home/organize/environments#ttl-settings).","description_kind":"plain","computed":true},"id":{"type":"string","description_kind":"plain","optional":true,"computed":true},"key":{"type":"string","description":"The project-unique key for the environment.","description_kind":"plain","required":true},"mobile_key":{"type":"string","description":"The environment's mobile key.","description_kind":"plain","computed":true,"sensitive":true},"name":{"type":"string","description_kind":"plain","computed":true},"project_key":{"type":"string","description":"The environment's project key.","description_kind":"plain","required":true},"require_comments":{"type":"bool","description":"Set to `true` if this environment requires comments for flag and segment changes. This field will default to `false` when not set.","description_kind":"plain","computed":true},"secure_mode":{"type":"bool","description":"Set to `true` to ensure a user of the client-side SDK cannot impersonate another user. This field will default to `false` when not set.","description_kind":"plain","computed":true},"tags":{"type":["set","string"],"description":"Tags associated with your resource.","description_kind":"plain","computed":true}},"description":"Provides a LaunchDarkly environment data source.\n\nThis data source allows you to retrieve environment information from your LaunchDarkly organization.","description_kind":"plain"}},"launchdarkly_feature_flag":{"version":0,"block":{"attributes":{"archived":{"type":"bool","description":"Specifies whether the flag is archived or not. Note that you cannot create a new flag that is archived, but can update a flag to be archived.","description_kind":"plain","computed":true},"client_side_availability":{"type":["list",["object",{"using_environment_id":"bool","using_mobile_key":"bool"}]],"description_kind":"plain","computed":true},"custom_properties":{"type":["set",["object",{"key":"string","name":"string","value":["list","string"]}]],"description":"List of nested blocks describing the feature flag's [custom properties](https://docs.launchdarkly.com/home/connecting/custom-properties)","description_kind":"plain","computed":true},"defaults":{"type":["list",["object",{"off_variation":"number","on_variation":"number"}]],"description":"A block containing the indices of the variations to be used as the default on and off variations in all new environments. Flag configurations in existing environments will not be changed nor updated if the configuration block is removed.","description_kind":"plain","computed":true},"description":{"type":"string","description":"The feature flag's description.","description_kind":"plain","computed":true},"id":{"type":"string","description_kind":"plain","optional":true,"computed":true},"include_in_snippet":{"type":"bool","description":"Specifies whether this flag should be made available to the client-side JavaScript SDK using the client-side Id. This value gets its default from your project configuration if not set. `include_in_snippet` is now deprecated. Please migrate to `client_side_availability.using_environment_id` to maintain future compatibility.","description_kind":"plain","deprecated":true,"computed":true},"key":{"type":"string","description":"The unique feature flag key that references the flag in your application code.","description_kind":"plain","required":true},"maintainer_id":{"type":"string","description":"The feature flag maintainer's 24 character alphanumeric team member ID. `maintainer_team_key` cannot be set if `maintainer_id` is set. If neither is set, it will automatically be or stay set to the member ID associated with the API key used by your LaunchDarkly Terraform provider or the most recently-set maintainer.","description_kind":"plain","optional":true,"computed":true},"maintainer_team_key":{"type":"string","description":"The key of the associated team that maintains this feature flag. `maintainer_id` cannot be set if `maintainer_team_key` is set","description_kind":"plain","optional":true,"computed":true},"name":{"type":"string","description":"The feature flag's human-readable name","description_kind":"plain","computed":true},"project_key":{"type":"string","description":"The feature flag's project key.","description_kind":"plain","required":true},"tags":{"type":["set","string"],"description":"Tags associated with your resource.","description_kind":"plain","computed":true},"temporary":{"type":"bool","description":"Specifies whether the flag is a temporary flag.","description_kind":"plain","computed":true},"variation_type":{"type":"string","description":"The uniform type for all variations. Can be either \"boolean\", \"string\", \"number\", or \"json\".","description_kind":"plain","computed":true},"variations":{"type":["list",["object",{"description":"string","name":"string","value":"string"}]],"description":"An array of possible variations for the flag","description_kind":"plain","computed":true}},"description":"Provides a LaunchDarkly feature flag data source.\n\nThis data source allows you to retrieve feature flag information from your LaunchDarkly organization.","description_kind":"plain"}},"launchdarkly_feature_flag_environment":{"version":0,"block":{"attributes":{"context_targets":{"type":["set",["object",{"context_kind":"string","values":["list","string"],"variation":"number"}]],"description":"The set of nested blocks describing the individual targets for non-user context kinds for each variation.","description_kind":"plain","computed":true},"env_key":{"type":"string","description":"The environment key.","description_kind":"plain","required":true},"fallthrough":{"type":["list",["object",{"bucket_by":"string","context_kind":"string","rollout_weights":["list","number"],"variation":"number"}]],"description":"Nested block describing the default variation to serve if no `prerequisites`, `target`, or `rules` apply.","description_kind":"plain","computed":true},"flag_id":{"type":"string","description":"The feature flag's unique `id` in the format `project_key/flag_key`.","description_kind":"plain","required":true},"id":{"type":"string","description_kind":"plain","optional":true,"computed":true},"off_variation":{"type":"number","description":"The index of the variation to serve if targeting is disabled.","description_kind":"plain","computed":true},"on":{"type":"bool","description":"Whether targeting is enabled. Defaults to `false` if not set.","description_kind":"plain","computed":true},"prerequisites":{"type":["list",["object",{"flag_key":"string","variation":"number"}]],"description":"List of nested blocks describing prerequisite feature flags rules.","description_kind":"plain","computed":true},"rules":{"type":["list",["object",{"bucket_by":"string","clauses":["list",["object",{"attribute":"string","context_kind":"string","negate":"bool","op":"string","value_type":"string","values":["list","string"]}]],"context_kind":"string","description":"string","rollout_weights":["list","number"],"variation":"number"}]],"description":"List of logical targeting rules.","description_kind":"plain","computed":true},"targets":{"type":["set",["object",{"values":["list","string"],"variation":"number"}]],"description":"Set of nested blocks describing the individual user targets for each variation.","description_kind":"plain","computed":true},"track_events":{"type":"bool","description":"Whether to send event data back to LaunchDarkly. Defaults to `false` if not set.","description_kind":"plain","computed":true}},"description":"Provides a LaunchDarkly environment-specific feature flag data source.\n\nThis data source allows you to retrieve environment-specific feature flag information from your LaunchDarkly organization.","description_kind":"plain"}},"launchdarkly_flag_trigger":{"version":0,"block":{"attributes":{"enabled":{"type":"bool","description":"Whether the trigger is currently active or not.","description_kind":"plain","computed":true},"env_key":{"type":"string","description":"The unique key of the environment the flag trigger will work in.","description_kind":"plain","required":true},"flag_key":{"type":"string","description":"The unique key of the associated flag.","description_kind":"plain","required":true},"id":{"type":"string","description":"The Terraform trigger ID. The unique trigger ID can be found in your saved trigger URL:\n\n```\nhttps://app.launchdarkly.com/webhook/triggers/THIS_IS_YOUR_TRIGGER_ID/aff25a53-17d9-4112-a9b8-12718d1a2e79\n```\n\nPlease note that if you did not save this upon creation of the resource, you will have to reset it to get a new value, which can cause breaking changes.","description_kind":"plain","required":true},"instructions":{"type":["list",["object",{"kind":"string"}]],"description":"Instructions containing the action to perform when invoking the trigger. Currently supported flag actions are `turnFlagOn` and `turnFlagOff`. This must be passed as the key-value pair `{ kind = \"\u003cflag_action\u003e\" }`.","description_kind":"plain","computed":true},"integration_key":{"type":"string","description":"The unique identifier of the integration you intend to set your trigger up with. Currently supported are `generic-trigger`, `datadog`, `dynatrace`, `dynatrace-cloud-automation`, `honeycomb`, `new-relic-apm`, and `signalfx`. `generic-trigger` should be used for integrations not explicitly supported.","description_kind":"plain","computed":true},"maintainer_id":{"type":"string","description":"The ID of the member responsible for maintaining the flag trigger. If created via Terraform, this value will be the ID of the member associated with the API key used for your provider configuration.","description_kind":"plain","computed":true},"project_key":{"type":"string","description":"The unique key of the project encompassing the associated flag.","description_kind":"plain","required":true},"trigger_url":{"type":"string","description":"The unique URL used to invoke the trigger.","description_kind":"plain","computed":true,"sensitive":true}},"description":"Provides a LaunchDarkly flag trigger data source.\n\n-\u003e **Note:** Flag triggers are available to customers on an Enterprise LaunchDarkly plan. To learn more, [read about our pricing](https://launchdarkly.com/pricing/). To upgrade your plan, [contact LaunchDarkly Sales](https://launchdarkly.com/contact-sales/).\n\nThis data source allows you to retrieve information about flag triggers from your LaunchDarkly organization.","description_kind":"plain"}},"launchdarkly_metric":{"version":0,"block":{"attributes":{"analysis_type":{"type":"string","description":"The method for analyzing metric events. Available choices are `mean` and `percentile`.","description_kind":"plain","computed":true},"description":{"type":"string","description":"The description of the metric's purpose.","description_kind":"plain","computed":true},"event_key":{"type":"string","description":"The event key for your metric (if custom metric)","description_kind":"plain","computed":true},"id":{"type":"string","description_kind":"plain","optional":true,"computed":true},"include_units_without_events":{"type":"bool","description":"Include units that did not send any events and set their value to 0.","description_kind":"plain","computed":true},"is_active":{"type":"bool","description":"Ignored. All metrics are considered active.","description_kind":"plain","deprecated":true,"optional":true,"computed":true},"is_numeric":{"type":"bool","description":"Whether a `custom` metric is a numeric metric or not.","description_kind":"plain","computed":true},"key":{"type":"string","description":"The unique key that references the metric. A change in this field will force the destruction of the existing resource and the creation of a new one.","description_kind":"plain","required":true},"kind":{"type":"string","description":"The metric type. Available choices are `click`, `custom`, and `pageview`.","description_kind":"plain","computed":true},"maintainer_id":{"type":"string","description":"The LaunchDarkly member ID of the member who will maintain the metric. If not set, the API will automatically apply the member associated with your Terraform API key or the most recently-set maintainer","description_kind":"plain","computed":true},"name":{"type":"string","description":"The human-friendly name for the metric.","description_kind":"plain","computed":true},"percentile_value":{"type":"number","description":"The percentile for the analysis method. An integer denoting the target percentile between 0 and 100. Required when analysis_type is percentile.","description_kind":"plain","computed":true},"project_key":{"type":"string","description":"The metrics's project key. A change in this field will force the destruction of the existing resource and the creation of a new one.","description_kind":"plain","required":true},"randomization_units":{"type":["set","string"],"description":"A set of one or more context kinds that this metric can measure events from. Metrics can only use context kinds marked as \"Available for experiments.\" For more information, read [Allocating experiment audiences](https://docs.launchdarkly.com/home/creating-experiments/allocation).","description_kind":"plain","computed":true},"selector":{"type":"string","description":"The CSS selector for your metric (if click metric)","description_kind":"plain","computed":true},"success_criteria":{"type":"string","description":"The success criteria for your metric (if numeric metric). Available choices are `HigherThanBaseline` and `LowerThanBaseline`.","description_kind":"plain","computed":true},"tags":{"type":["set","string"],"description":"Tags associated with your resource.","description_kind":"plain","computed":true},"unit":{"type":"string","description":"(Required for kind `custom`) The unit for numeric `custom` metrics.","description_kind":"plain","computed":true},"unit_aggregation_type":{"type":"string","description":"The method by which multiple unit event values are aggregated. Available choices are `average` and `sum`.","description_kind":"plain","computed":true},"urls":{"type":["list",["object",{"kind":"string","pattern":"string","substring":"string","url":"string"}]],"description":"List of nested `url` blocks describing URLs that you want to associate with the metric.","description_kind":"plain","computed":true},"version":{"type":"number","description":"Version of the metric","description_kind":"plain","computed":true}},"description":"Provides a LaunchDarkly metric data source.\n\nThis data source allows you to retrieve metric information from your LaunchDarkly organization.","description_kind":"plain"}},"launchdarkly_project":{"version":0,"block":{"attributes":{"client_side_availability":{"type":["list",["object",{"using_environment_id":"bool","using_mobile_key":"bool"}]],"description":"A map describing which client-side SDKs can use new flags by default. Please migrate to `default_client_side_availability` to maintain future compatibility.","description_kind":"plain","deprecated":true,"computed":true},"default_client_side_availability":{"type":["list",["object",{"using_environment_id":"bool","using_mobile_key":"bool"}]],"description":"A block describing which client-side SDKs can use new flags by default.","description_kind":"plain","computed":true},"id":{"type":"string","description_kind":"plain","optional":true,"computed":true},"key":{"type":"string","description":"The project's unique key.","description_kind":"plain","required":true},"name":{"type":"string","description":"The project's name.","description_kind":"plain","computed":true},"tags":{"type":["set","string"],"description":"Tags associated with your resource.","description_kind":"plain","computed":true}},"description":"Provides a LaunchDarkly project data source.\n\nThis data source allows you to retrieve project information from your LaunchDarkly organization.\n\n-\u003e **Note:** LaunchDarkly data sources do not provide access to the project's environments. If you wish to import environment configurations as data sources you must use the [`launchdarkly_environment` data source](/docs/providers/launchdarkly/d/environment.html).","description_kind":"plain"}},"launchdarkly_relay_proxy_configuration":{"version":0,"block":{"attributes":{"display_key":{"type":"string","description":"The last 4 characters of the Relay Proxy configuration's unique key.","description_kind":"plain","computed":true},"id":{"type":"string","description":"The Relay Proxy configuration's unique 24 character ID. The unique relay proxy ID can be found in the relay proxy edit page URL, which you can locate by clicking the three dot menu on your relay proxy item in the UI and selecting \"Edit configuration\":\n\n```\nhttps://app.launchdarkly.com/settings/relay/THIS_IS_YOUR_RELAY_PROXY_ID/edit\n```","description_kind":"plain","required":true},"name":{"type":"string","description":"The human-readable name for your Relay Proxy configuration.","description_kind":"plain","computed":true},"policy":{"type":["list",["object",{"actions":["list","string"],"effect":"string","not_actions":["list","string"],"not_resources":["list","string"],"resources":["list","string"]}]],"description":"The Relay Proxy configuration's rule policy block. This determines what content the Relay Proxy receives. To learn more, read [Understanding policies](https://docs.launchdarkly.com/home/members/role-policies#understanding-policies).","description_kind":"plain","computed":true}},"description":"Provides a LaunchDarkly Relay Proxy configuration data source for use with the Relay Proxy's [automatic configuration feature](https://docs.launchdarkly.com/home/relay-proxy/automatic-configuration).\n\n-\u003e **Note:** Relay Proxy automatic configuration is available to customers on an Enterprise LaunchDarkly plan. To learn more, [read about our pricing](https://launchdarkly.com/pricing/). To upgrade your plan, [contact LaunchDarkly Sales](https://launchdarkly.com/contact-sales/).\n\nThis data source allows you to retrieve Relay Proxy configuration information from your LaunchDarkly organization.\n\n-\u003e **Note:** It is not possible for this data source to retrieve your Relay Proxy configuration's unique key. This is because the unique key is only exposed upon creation. If you need to reference the Relay Proxy configuration's unique key in your terraform config, use the `launchdarkly_relay_proxy_configuration` resource instead.","description_kind":"plain"}},"launchdarkly_segment":{"version":0,"block":{"attributes":{"creation_date":{"type":"number","description":"The segment's creation date represented as a UNIX epoch timestamp.","description_kind":"plain","computed":true},"description":{"type":"string","description":"The description of the segment's purpose.","description_kind":"plain","computed":true},"env_key":{"type":"string","description":"The segment's environment key.","description_kind":"plain","required":true},"excluded":{"type":["list","string"],"description":"List of user keys excluded from the segment. To target on other context kinds, use the excluded_contexts block attribute. This attribute is not valid when `unbounded` is set to `true`.","description_kind":"plain","computed":true},"excluded_contexts":{"type":["list",["object",{"context_kind":"string","values":["list","string"]}]],"description":"List of non-user target objects excluded from the segment. This attribute is not valid when `unbounded` is set to `true`.","description_kind":"plain","computed":true},"id":{"type":"string","description_kind":"plain","optional":true,"computed":true},"included":{"type":["list","string"],"description":"List of user keys included in the segment. To target on other context kinds, use the included_contexts block attribute. This attribute is not valid when `unbounded` is set to `true`.","description_kind":"plain","computed":true},"included_contexts":{"type":["list",["object",{"context_kind":"string","values":["list","string"]}]],"description":"List of non-user target objects included in the segment. This attribute is not valid when `unbounded` is set to `true`.","description_kind":"plain","computed":true},"key":{"type":"string","description":"The unique key that references the segment.","description_kind":"plain","required":true},"name":{"type":"string","description":"The human-friendly name for the segment.","description_kind":"plain","computed":true},"project_key":{"type":"string","description":"The segment's project key.","description_kind":"plain","required":true},"rules":{"type":["list",["object",{"bucket_by":"string","clauses":["list",["object",{"attribute":"string","context_kind":"string","negate":"bool","op":"string","value_type":"string","values":["list","string"]}]],"rollout_context_kind":"string","weight":"number"}]],"description":"List of nested custom rule blocks to apply to the segment. This attribute is not valid when `unbounded` is set to `true`.","description_kind":"plain","computed":true},"tags":{"type":["set","string"],"description":"Tags associated with your resource.","description_kind":"plain","computed":true},"unbounded":{"type":"bool","description":"Whether to create a standard segment (`false`) or a Big Segment (`true`). Standard segments include rule-based and smaller list-based segments. Big Segments include larger list-based segments and synced segments. Only use a Big Segment if you need to add more than 15,000 individual targets. It is not possible to manage the list of targeted contexts for Big Segments with Terraform.","description_kind":"plain","computed":true},"unbounded_context_kind":{"type":"string","description":"For Big Segments, the targeted context kind. If this attribute is not specified it will default to `user`.","description_kind":"plain","computed":true}},"description":"Provides a LaunchDarkly segment data source.\n\nThis data source allows you to retrieve segment information from your LaunchDarkly organization.","description_kind":"plain"}},"launchdarkly_team":{"version":0,"block":{"attributes":{"custom_role_keys":{"type":["set","string"],"description":"The list of the keys of the custom roles that you have assigned to the team.","description_kind":"plain","computed":true},"description":{"type":"string","description":"The team description.","description_kind":"plain","computed":true},"id":{"type":"string","description_kind":"plain","optional":true,"computed":true},"key":{"type":"string","description":"The team key.","description_kind":"plain","required":true},"maintainers":{"type":["set",["object",{"email":"string","first_name":"string","id":"string","last_name":"string","role":"string"}]],"description":"The list of team maintainers as [team member objects](/providers/launchdarkly/launchdarkly/latest/docs/data-sources/team_member).","description_kind":"plain","computed":true},"name":{"type":"string","description":"Human-readable name for the team.","description_kind":"plain","computed":true},"project_keys":{"type":["set","string"],"description":"The list of keys of the projects that the team has any write access to.","description_kind":"plain","computed":true}},"block_types":{"role_attributes":{"nesting_mode":"set","block":{"attributes":{"key":{"type":"string","description":"The key / name of your role attribute. In the example `${roleAttribute/testAttribute}`, the key is `testAttribute`.","description_kind":"plain","required":true},"values":{"type":["list","string"],"description":"A list of values for your role attribute. For example, if your policy statement defines the resource `\"proj/${roleAttribute/testAttribute}\"`, the values would be the keys of the projects you wanted to assign access to.","description_kind":"plain","required":true}},"description":"A role attributes block. One block must be defined per role attribute. The key is the role attribute key and the value is a string array of resource keys that apply.","description_kind":"plain"}}},"description":"Provides a LaunchDarkly team data source.\n\nThis data source allows you to retrieve team information from your LaunchDarkly organization.\n\n-\u003e **Note:** Teams are available to customers on an Enterprise LaunchDarkly plan. To learn more, [read about our pricing](https://launchdarkly.com/pricing/). To upgrade your plan, [contact LaunchDarkly Sales](https://launchdarkly.com/contact-sales/).","description_kind":"plain"}},"launchdarkly_team_member":{"version":0,"block":{"attributes":{"custom_roles":{"type":["set","string"],"description":"The list of custom roles keys associated with the team member. Custom roles are only available to customers on an Enterprise plan. To learn more, [read about our pricing](https://launchdarkly.com/pricing/). To upgrade your plan, [contact LaunchDarkly Sales](https://launchdarkly.com/contact-sales/).","description_kind":"plain","computed":true},"email":{"type":"string","description":"The unique email address associated with the team member.","description_kind":"plain","required":true},"first_name":{"type":"string","description":"The team member's given name.","description_kind":"plain","computed":true},"id":{"type":"string","description":"The 24 character alphanumeric ID of the team member.","description_kind":"plain","computed":true},"last_name":{"type":"string","description":"The team member's family name.","description_kind":"plain","computed":true},"role":{"type":"string","description":"The role associated with team member. Possible roles are `owner`, `reader`, `writer`, or `admin`.","description_kind":"plain","computed":true}},"block_types":{"role_attributes":{"nesting_mode":"set","block":{"attributes":{"key":{"type":"string","description":"The key / name of your role attribute. In the example `${roleAttribute/testAttribute}`, the key is `testAttribute`.","description_kind":"plain","required":true},"values":{"type":["list","string"],"description":"A list of values for your role attribute. For example, if your policy statement defines the resource `\"proj/${roleAttribute/testAttribute}\"`, the values would be the keys of the projects you wanted to assign access to.","description_kind":"plain","required":true}},"description":"A role attributes block. One block must be defined per role attribute. The key is the role attribute key and the value is a string array of resource keys that apply.","description_kind":"plain"}}},"description":"Provides a LaunchDarkly team member data source.\n\nThis data source allows you to retrieve team member information from your LaunchDarkly organization.","description_kind":"plain"}},"launchdarkly_team_members":{"version":0,"block":{"attributes":{"emails":{"type":["list","string"],"description":"An array of unique email addresses associated with the team members.","description_kind":"plain","required":true},"id":{"type":"string","description_kind":"plain","optional":true,"computed":true},"ignore_missing":{"type":"bool","description":"A boolean to determine whether to ignore members that weren't found.","description_kind":"plain","optional":true},"team_members":{"type":["list",["object",{"custom_roles":["set","string"],"email":"string","first_name":"string","id":"string","last_name":"string","role":"string","role_attributes":["set",["object",{"key":"string","values":["list","string"]}]]}]],"description":"The members that were found. The following attributes are available for each member:\n\n- `id` - The 24 character alphanumeric ID of the team member.\n\n- `first_name` - The team member's given name.\n\n- `last_name` - The team member's family name.\n\n- `role` - The role associated with team member. Possible roles are `owner`, `reader`, `writer`, or `admin`.\n\n- `custom_roles` - (Optional) The list of custom roles keys associated with the team member. Custom roles are only available to customers on an Enterprise plan. To learn more, [read about our pricing](https://launchdarkly.com/pricing/). To upgrade your plan, [contact LaunchDarkly Sales](https://launchdarkly.com/contact-sales/).\n","description_kind":"plain","computed":true}},"description":"Provides a LaunchDarkly team members data source.\n\nThis data source allows you to retrieve team member information from your LaunchDarkly organization on multiple team members.","description_kind":"plain"}},"launchdarkly_webhook":{"version":0,"block":{"attributes":{"id":{"type":"string","description":"The unique webhook ID.","description_kind":"plain","required":true},"name":{"type":"string","description":"The webhook's human-readable name.","description_kind":"plain","computed":true},"on":{"type":"bool","description":"Whether the webhook is enabled.","description_kind":"plain","computed":true},"secret":{"type":"string","description":"The secret used to sign the webhook.","description_kind":"plain","computed":true,"sensitive":true},"statements":{"type":["list",["object",{"actions":["list","string"],"effect":"string","not_actions":["list","string"],"not_resources":["list","string"],"resources":["list","string"]}]],"description":"List of policy statement blocks used to filter webhook events. For more information on webhook policy filters read [Adding a policy filter](https://docs.launchdarkly.com/integrations/webhooks#adding-a-policy-filter).","description_kind":"plain","computed":true},"tags":{"type":["set","string"],"description":"Tags associated with your resource.","description_kind":"plain","computed":true},"url":{"type":"string","description":"The URL of the remote webhook.","description_kind":"plain","computed":true}},"description":"Provides a LaunchDarkly webhook data source.\n\nThis data source allows you to retrieve webhook information from your LaunchDarkly organization.","description_kind":"plain"}}}}}}
